
Microsoft Visual Studio Solution File, Format Version 12.00
# Visual Studio 14
VisualStudioVersion = 14.0.24720.0
MinimumVisualStudioVersion = 10.0.40219.1
Project("{FAE04EC0-301F-11D3-BF4B-00C04F79EFBC}") = "NetFrame", "NetFrame\NetFrame.csproj", "{ACF9F6E0-9E51-42AD-BE35-FBA3EDDD71C6}"
EndProject
Project("{FAE04EC0-301F-11D3-BF4B-00C04F79EFBC}") = "Server", "Server\Server.csproj", "{4923E511-DE6B-4DB2-B1C7-EA3BFEB5D58C}"
EndProject
Project("{FAE04EC0-301F-11D3-BF4B-00C04F79EFBC}") = "NNProtocols", "NNProtocols\NNProtocols.csproj", "{65413375-8F94-4EC9-B99D-509F4373C904}"
EndProject
Project("{FAE04EC0-301F-11D3-BF4B-00C04F79EFBC}") = "ClientNetFrame", "ClientNetFrame\ClientNetFrame.csproj", "{F82BB34A-192E-4C44-95DF-7F6E2FCB6311}"
EndProject
Global
	GlobalSection(SolutionConfigurationPlatforms) = preSolution
		Debug|Any CPU = Debug|Any CPU
		Release|Any CPU = Release|Any CPU
	EndGlobalSection
	GlobalSection(ProjectConfigurationPlatforms) = postSolution
		{ACF9F6E0-9E51-42AD-BE35-FBA3EDDD71C6}.Debug|Any CPU.ActiveCfg = Debug|Any CPU
		{ACF9F6E0-9E51-42AD-BE35-FBA3EDDD71C6}.Debug|Any CPU.Build.0 = Debug|Any CPU
		{ACF9F6E0-9E51-42AD-BE35-FBA3EDDD71C6}.Release|Any CPU.ActiveCfg = Release|Any CPU
		{ACF9F6E0-9E51-42AD-BE35-FBA3EDDD71C6}.Release|Any CPU.Build.0 = Release|Any CPU
		{4923E511-DE6B-4DB2-B1C7-EA3BFEB5D58C}.Debug|Any CPU.ActiveCfg = Debug|Any CPU
		{4923E511-DE6B-4DB2-B1C7-EA3BFEB5D58C}.Debug|Any CPU.Build.0 = Debug|Any CPU
		{4923E511-DE6B-4DB2-B1C7-EA3BFEB5D58C}.Release|Any CPU.ActiveCfg = Release|Any CPU
		{4923E511-DE6B-4DB2-B1C7-EA3BFEB5D58C}.Release|Any CPU.Build.0 = Release|Any CPU
		{65413375-8F94-4EC9-B99D-509F4373C904}.Debug|Any CPU.ActiveCfg = Debug|Any CPU
		{65413375-8F94-4EC9-B99D-509F4373C904}.Debug|Any CPU.Build.0 = Debug|Any CPU
		{65413375-8F94-4EC9-B99D-509F4373C904}.Release|Any CPU.ActiveCfg = Release|Any CPU
		{65413375-8F94-4EC9-B99D-509F4373C904}.Release|Any CPU.Build.0 = Release|Any CPU
		{F82BB34A-192E-4C44-95DF-7F6E2FCB6311}.Debug|Any CPU.ActiveCfg = Debug|Any CPU
		{F82BB34A-192E-4C44-95DF-7F6E2FCB6311}.Debug|Any CPU.Build.0 = Debug|Any CPU
		{F82BB34A-192E-4C44-95DF-7F6E2FCB6311}.Release|Any CPU.ActiveCfg = Release|Any CPU
		{F82BB34A-192E-4C44-95DF-7F6E2FCB6311}.Release|Any CPU.Build.0 = Release|Any CPU
	EndGlobalSection
	GlobalSection(SolutionProperties) = preSolution
		HideSolutionNode = FALSE
	EndGlobalSection
EndGlobal
